
Microsoft Visual Studio Solution File, Format Version 12.00
# Visual Studio Version 16
VisualStudioVersion = 25.0.1706.1
MinimumVisualStudioVersion = 10.0.40219.1
Project("{FAE04EC0-301F-11D3-BF4B-00C04F79EFBC}") = "SYCApp.Maui", "SYCApp.Maui\SYCApp.Maui.csproj", "{2D0088B0-500A-4622-A570-4F69CC3BADCE}"
EndProject
Project("{FAE04EC0-301F-11D3-BF4B-00C04F79EFBC}") = "SYCApp.Maui.Core", "SYCApp.Maui.Core\SYCApp.Maui.Core.csproj", "{057D89CC-4E11-4175-9E64-497813628C64}"
EndProject
Project("{FAE04EC0-301F-11D3-BF4B-00C04F79EFBC}") = "SYCApp.Maui.Tests", "SYCApp.Maui.Tests\SYCApp.Maui.Tests.csproj", "{7E9C3ADF-165D-4354-89CF-8328A6EDE5B4}"
EndProject
Project("{FAE04EC0-301F-11D3-BF4B-00C04F79EFBC}") = "SYCApp.Core.Tests", "SYCApp.Core.Tests\SYCApp.Core.Tests.csproj", "{152D4F87-B682-4162-BE72-128227745100}"
EndProject
Project("{FAE04EC0-301F-11D3-BF4B-00C04F79EFBC}") = "SYCApp.Core", "SYCApp.Core\SYCApp.Core.csproj", "{6FB4CB2A-F6A1-48EC-934B-68827D2D6165}"
EndProject
Project("{FAE04EC0-301F-11D3-BF4B-00C04F79EFBC}") = "SYCApp.Domain", "SYCApp.Domain\SYCApp.Domain.csproj", "{DBCAA669-DE92-4EE3-93E4-D7FC7061C4C2}"
EndProject
Project("{FAE04EC0-301F-11D3-BF4B-00C04F79EFBC}") = "SYCApp.Persistence", "SYCApp.Persistence\SYCApp.Persistence.csproj", "{0EEB219A-7A25-4F7B-9BBE-A1A2DE01A6AB}"
EndProject
Project("{FAE04EC0-301F-11D3-BF4B-00C04F79EFBC}") = "SYCApp.Persistence.Tests", "SYCApp.Persistence.Tests\SYCApp.Persistence.Tests.csproj", "{5A16C0ED-043D-4E2E-9BE7-4F7498EA17FD}"
EndProject
Project("{FAE04EC0-301F-11D3-BF4B-00C04F79EFBC}") = "SYCApp.WebApi", "SYCApp.WebApi\SYCApp.WebApi.csproj", "{F66C25FB-7936-43EA-B89D-A32296CB7A70}"
EndProject
Project("{FAE04EC0-301F-11D3-BF4B-00C04F79EFBC}") = "SYCApp.WebApi.Tests", "SYCApp.WebApi.Tests\SYCApp.WebApi.Tests.csproj", "{2E167B1E-4F94-4283-B509-2638CA2CA9FB}"
EndProject
Global
	GlobalSection(SolutionConfigurationPlatforms) = preSolution
		Debug|Any CPU = Debug|Any CPU
		Release|Any CPU = Release|Any CPU
	EndGlobalSection
	GlobalSection(ProjectConfigurationPlatforms) = postSolution
		{2D0088B0-500A-4622-A570-4F69CC3BADCE}.Debug|Any CPU.ActiveCfg = Debug|Any CPU
		{2D0088B0-500A-4622-A570-4F69CC3BADCE}.Debug|Any CPU.Build.0 = Debug|Any CPU
		{2D0088B0-500A-4622-A570-4F69CC3BADCE}.Release|Any CPU.ActiveCfg = Release|Any CPU
		{2D0088B0-500A-4622-A570-4F69CC3BADCE}.Release|Any CPU.Build.0 = Release|Any CPU
		{057D89CC-4E11-4175-9E64-497813628C64}.Debug|Any CPU.ActiveCfg = Debug|Any CPU
		{057D89CC-4E11-4175-9E64-497813628C64}.Debug|Any CPU.Build.0 = Debug|Any CPU
		{057D89CC-4E11-4175-9E64-497813628C64}.Release|Any CPU.ActiveCfg = Release|Any CPU
		{057D89CC-4E11-4175-9E64-497813628C64}.Release|Any CPU.Build.0 = Release|Any CPU
		{7E9C3ADF-165D-4354-89CF-8328A6EDE5B4}.Debug|Any CPU.ActiveCfg = Debug|Any CPU
		{7E9C3ADF-165D-4354-89CF-8328A6EDE5B4}.Debug|Any CPU.Build.0 = Debug|Any CPU
		{7E9C3ADF-165D-4354-89CF-8328A6EDE5B4}.Release|Any CPU.ActiveCfg = Release|Any CPU
		{7E9C3ADF-165D-4354-89CF-8328A6EDE5B4}.Release|Any CPU.Build.0 = Release|Any CPU
		{152D4F87-B682-4162-BE72-128227745100}.Debug|Any CPU.ActiveCfg = Debug|Any CPU
		{152D4F87-B682-4162-BE72-128227745100}.Debug|Any CPU.Build.0 = Debug|Any CPU
		{152D4F87-B682-4162-BE72-128227745100}.Release|Any CPU.ActiveCfg = Release|Any CPU
		{152D4F87-B682-4162-BE72-128227745100}.Release|Any CPU.Build.0 = Release|Any CPU
		{6FB4CB2A-F6A1-48EC-934B-68827D2D6165}.Debug|Any CPU.ActiveCfg = Debug|Any CPU
		{6FB4CB2A-F6A1-48EC-934B-68827D2D6165}.Debug|Any CPU.Build.0 = Debug|Any CPU
		{6FB4CB2A-F6A1-48EC-934B-68827D2D6165}.Release|Any CPU.ActiveCfg = Release|Any CPU
		{6FB4CB2A-F6A1-48EC-934B-68827D2D6165}.Release|Any CPU.Build.0 = Release|Any CPU
		{DBCAA669-DE92-4EE3-93E4-D7FC7061C4C2}.Debug|Any CPU.ActiveCfg = Debug|Any CPU
		{DBCAA669-DE92-4EE3-93E4-D7FC7061C4C2}.Debug|Any CPU.Build.0 = Debug|Any CPU
		{DBCAA669-DE92-4EE3-93E4-D7FC7061C4C2}.Release|Any CPU.ActiveCfg = Release|Any CPU
		{DBCAA669-DE92-4EE3-93E4-D7FC7061C4C2}.Release|Any CPU.Build.0 = Release|Any CPU
		{0EEB219A-7A25-4F7B-9BBE-A1A2DE01A6AB}.Debug|Any CPU.ActiveCfg = Debug|Any CPU
		{0EEB219A-7A25-4F7B-9BBE-A1A2DE01A6AB}.Debug|Any CPU.Build.0 = Debug|Any CPU
		{0EEB219A-7A25-4F7B-9BBE-A1A2DE01A6AB}.Release|Any CPU.ActiveCfg = Release|Any CPU
		{0EEB219A-7A25-4F7B-9BBE-A1A2DE01A6AB}.Release|Any CPU.Build.0 = Release|Any CPU
		{5A16C0ED-043D-4E2E-9BE7-4F7498EA17FD}.Debug|Any CPU.ActiveCfg = Debug|Any CPU
		{5A16C0ED-043D-4E2E-9BE7-4F7498EA17FD}.Debug|Any CPU.Build.0 = Debug|Any CPU
		{5A16C0ED-043D-4E2E-9BE7-4F7498EA17FD}.Release|Any CPU.ActiveCfg = Release|Any CPU
		{5A16C0ED-043D-4E2E-9BE7-4F7498EA17FD}.Release|Any CPU.Build.0 = Release|Any CPU
		{307ABD8E-75A7-47C6-ADD4-116A96A1C3DC}.Debug|Any CPU.ActiveCfg = Debug|Any CPU
		{307ABD8E-75A7-47C6-ADD4-116A96A1C3DC}.Debug|Any CPU.Build.0 = Debug|Any CPU
		{307ABD8E-75A7-47C6-ADD4-116A96A1C3DC}.Release|Any CPU.ActiveCfg = Release|Any CPU
		{307ABD8E-75A7-47C6-ADD4-116A96A1C3DC}.Release|Any CPU.Build.0 = Release|Any CPU
		{2A2E43FB-E8F6-4E3C-BE92-428BA3DC8185}.Debug|Any CPU.ActiveCfg = Debug|Any CPU
		{2A2E43FB-E8F6-4E3C-BE92-428BA3DC8185}.Debug|Any CPU.Build.0 = Debug|Any CPU
		{2A2E43FB-E8F6-4E3C-BE92-428BA3DC8185}.Release|Any CPU.ActiveCfg = Release|Any CPU
		{2A2E43FB-E8F6-4E3C-BE92-428BA3DC8185}.Release|Any CPU.Build.0 = Release|Any CPU
		{F66C25FB-7936-43EA-B89D-A32296CB7A70}.Debug|Any CPU.ActiveCfg = Debug|Any CPU
		{F66C25FB-7936-43EA-B89D-A32296CB7A70}.Debug|Any CPU.Build.0 = Debug|Any CPU
		{F66C25FB-7936-43EA-B89D-A32296CB7A70}.Release|Any CPU.ActiveCfg = Release|Any CPU
		{F66C25FB-7936-43EA-B89D-A32296CB7A70}.Release|Any CPU.Build.0 = Release|Any CPU
		{2E167B1E-4F94-4283-B509-2638CA2CA9FB}.Debug|Any CPU.ActiveCfg = Debug|Any CPU
		{2E167B1E-4F94-4283-B509-2638CA2CA9FB}.Debug|Any CPU.Build.0 = Debug|Any CPU
		{2E167B1E-4F94-4283-B509-2638CA2CA9FB}.Release|Any CPU.ActiveCfg = Release|Any CPU
		{2E167B1E-4F94-4283-B509-2638CA2CA9FB}.Release|Any CPU.Build.0 = Release|Any CPU
	EndGlobalSection
	GlobalSection(SolutionProperties) = preSolution
		HideSolutionNode = FALSE
	EndGlobalSection
	GlobalSection(ExtensibilityGlobals) = postSolution
		SolutionGuid = {CE1138C4-6D7B-4F2C-BE92-99532F6D8074}
	EndGlobalSection
EndGlobal
